
Microsoft Visual Studio Solution File, Format Version 12.00
# Visual Studio Version 17
VisualStudioVersion = 17.5.33502.453
MinimumVisualStudioVersion = 10.0.40219.1
Project("{8BC9CEB8-8B4A-11D0-8D11-00A0C91BC942}") = "WinAPITest", "WinAPITest\WinAPITest.vcxproj", "{DFC96D3D-6034-487E-8DD4-1028F832E656}"
	ProjectSection(ProjectDependencies) = postProject
		{5F493AA2-2E58-4FB5-98EE-41FD82432725} = {5F493AA2-2E58-4FB5-98EE-41FD82432725}
		{83D69D96-065A-4156-8B75-9DD93BE2CF70} = {83D69D96-065A-4156-8B75-9DD93BE2CF70}
		{9052E81D-FBF3-415B-9461-9FCD7CF59851} = {9052E81D-FBF3-415B-9461-9FCD7CF59851}
		{D8A00A09-2606-4546-8AFA-1F0DC64619C2} = {D8A00A09-2606-4546-8AFA-1F0DC64619C2}
	EndProjectSection
EndProject
Project("{2150E333-8FDC-42A3-9474-1A3956D46DE8}") = "Level0", "Level0", "{BF56989A-381D-4542-8978-9755537C8050}"
EndProject
Project("{2150E333-8FDC-42A3-9474-1A3956D46DE8}") = "Level1", "Level1", "{78F3CB15-8904-42B8-A1CF-5A3C644658D4}"
EndProject
Project("{2150E333-8FDC-42A3-9474-1A3956D46DE8}") = "Level2", "Level2", "{AD503700-0E28-4D5C-A53C-7BE6441EA1A7}"
EndProject
Project("{2150E333-8FDC-42A3-9474-1A3956D46DE8}") = "Level3", "Level3", "{589D37DC-807E-4D11-972D-20E4C8364B97}"
EndProject
Project("{2150E333-8FDC-42A3-9474-1A3956D46DE8}") = "Level4", "Level4", "{460AF05A-1D5F-4589-BE78-8C451C0F41D7}"
EndProject
Project("{8BC9CEB8-8B4A-11D0-8D11-00A0C91BC942}") = "GameEngineBase", "GameEngineBase\GameEngineBase.vcxproj", "{83D69D96-065A-4156-8B75-9DD93BE2CF70}"
EndProject
Project("{8BC9CEB8-8B4A-11D0-8D11-00A0C91BC942}") = "GameEnginePlatform", "GameEnginePlatform\GameEnginePlatform.vcxproj", "{D8A00A09-2606-4546-8AFA-1F0DC64619C2}"
	ProjectSection(ProjectDependencies) = postProject
		{83D69D96-065A-4156-8B75-9DD93BE2CF70} = {83D69D96-065A-4156-8B75-9DD93BE2CF70}
	EndProjectSection
EndProject
Project("{8BC9CEB8-8B4A-11D0-8D11-00A0C91BC942}") = "GameEngineCore", "GameEngineCore\GameEngineCore.vcxproj", "{5F493AA2-2E58-4FB5-98EE-41FD82432725}"
	ProjectSection(ProjectDependencies) = postProject
		{83D69D96-065A-4156-8B75-9DD93BE2CF70} = {83D69D96-065A-4156-8B75-9DD93BE2CF70}
		{D8A00A09-2606-4546-8AFA-1F0DC64619C2} = {D8A00A09-2606-4546-8AFA-1F0DC64619C2}
	EndProjectSection
EndProject
Project("{8BC9CEB8-8B4A-11D0-8D11-00A0C91BC942}") = "GameEngineContents", "GameEngineContents\GameEngineContents.vcxproj", "{9052E81D-FBF3-415B-9461-9FCD7CF59851}"
	ProjectSection(ProjectDependencies) = postProject
		{5F493AA2-2E58-4FB5-98EE-41FD82432725} = {5F493AA2-2E58-4FB5-98EE-41FD82432725}
		{83D69D96-065A-4156-8B75-9DD93BE2CF70} = {83D69D96-065A-4156-8B75-9DD93BE2CF70}
		{D8A00A09-2606-4546-8AFA-1F0DC64619C2} = {D8A00A09-2606-4546-8AFA-1F0DC64619C2}
	EndProjectSection
EndProject
Global
	GlobalSection(SolutionConfigurationPlatforms) = preSolution
		Debug|x64 = Debug|x64
		Debug|x86 = Debug|x86
		Release|x64 = Release|x64
		Release|x86 = Release|x86
	EndGlobalSection
	GlobalSection(ProjectConfigurationPlatforms) = postSolution
		{DFC96D3D-6034-487E-8DD4-1028F832E656}.Debug|x64.ActiveCfg = Debug|x64
		{DFC96D3D-6034-487E-8DD4-1028F832E656}.Debug|x64.Build.0 = Debug|x64
		{DFC96D3D-6034-487E-8DD4-1028F832E656}.Debug|x86.ActiveCfg = Debug|Win32
		{DFC96D3D-6034-487E-8DD4-1028F832E656}.Debug|x86.Build.0 = Debug|Win32
		{DFC96D3D-6034-487E-8DD4-1028F832E656}.Release|x64.ActiveCfg = Release|x64
		{DFC96D3D-6034-487E-8DD4-1028F832E656}.Release|x64.Build.0 = Release|x64
		{DFC96D3D-6034-487E-8DD4-1028F832E656}.Release|x86.ActiveCfg = Release|Win32
		{DFC96D3D-6034-487E-8DD4-1028F832E656}.Release|x86.Build.0 = Release|Win32
		{83D69D96-065A-4156-8B75-9DD93BE2CF70}.Debug|x64.ActiveCfg = Debug|x64
		{83D69D96-065A-4156-8B75-9DD93BE2CF70}.Debug|x64.Build.0 = Debug|x64
		{83D69D96-065A-4156-8B75-9DD93BE2CF70}.Debug|x86.ActiveCfg = Debug|Win32
		{83D69D96-065A-4156-8B75-9DD93BE2CF70}.Debug|x86.Build.0 = Debug|Win32
		{83D69D96-065A-4156-8B75-9DD93BE2CF70}.Release|x64.ActiveCfg = Release|x64
		{83D69D96-065A-4156-8B75-9DD93BE2CF70}.Release|x64.Build.0 = Release|x64
		{83D69D96-065A-4156-8B75-9DD93BE2CF70}.Release|x86.ActiveCfg = Release|Win32
		{83D69D96-065A-4156-8B75-9DD93BE2CF70}.Release|x86.Build.0 = Release|Win32
		{D8A00A09-2606-4546-8AFA-1F0DC64619C2}.Debug|x64.ActiveCfg = Debug|x64
		{D8A00A09-2606-4546-8AFA-1F0DC64619C2}.Debug|x64.Build.0 = Debug|x64
		{D8A00A09-2606-4546-8AFA-1F0DC64619C2}.Debug|x86.ActiveCfg = Debug|Win32
		{D8A00A09-2606-4546-8AFA-1F0DC64619C2}.Debug|x86.Build.0 = Debug|Win32
		{D8A00A09-2606-4546-8AFA-1F0DC64619C2}.Release|x64.ActiveCfg = Release|x64
		{D8A00A09-2606-4546-8AFA-1F0DC64619C2}.Release|x64.Build.0 = Release|x64
		{D8A00A09-2606-4546-8AFA-1F0DC64619C2}.Release|x86.ActiveCfg = Release|Win32
		{D8A00A09-2606-4546-8AFA-1F0DC64619C2}.Release|x86.Build.0 = Release|Win32
		{5F493AA2-2E58-4FB5-98EE-41FD82432725}.Debug|x64.ActiveCfg = Debug|x64
		{5F493AA2-2E58-4FB5-98EE-41FD82432725}.Debug|x64.Build.0 = Debug|x64
		{5F493AA2-2E58-4FB5-98EE-41FD82432725}.Debug|x86.ActiveCfg = Debug|Win32
		{5F493AA2-2E58-4FB5-98EE-41FD82432725}.Debug|x86.Build.0 = Debug|Win32
		{5F493AA2-2E58-4FB5-98EE-41FD82432725}.Release|x64.ActiveCfg = Release|x64
		{5F493AA2-2E58-4FB5-98EE-41FD82432725}.Release|x64.Build.0 = Release|x64
		{5F493AA2-2E58-4FB5-98EE-41FD82432725}.Release|x86.ActiveCfg = Release|Win32
		{5F493AA2-2E58-4FB5-98EE-41FD82432725}.Release|x86.Build.0 = Release|Win32
		{9052E81D-FBF3-415B-9461-9FCD7CF59851}.Debug|x64.ActiveCfg = Debug|x64
		{9052E81D-FBF3-415B-9461-9FCD7CF59851}.Debug|x64.Build.0 = Debug|x64
		{9052E81D-FBF3-415B-9461-9FCD7CF59851}.Debug|x86.ActiveCfg = Debug|Win32
		{9052E81D-FBF3-415B-9461-9FCD7CF59851}.Debug|x86.Build.0 = Debug|Win32
		{9052E81D-FBF3-415B-9461-9FCD7CF59851}.Release|x64.ActiveCfg = Release|x64
		{9052E81D-FBF3-415B-9461-9FCD7CF59851}.Release|x64.Build.0 = Release|x64
		{9052E81D-FBF3-415B-9461-9FCD7CF59851}.Release|x86.ActiveCfg = Release|Win32
		{9052E81D-FBF3-415B-9461-9FCD7CF59851}.Release|x86.Build.0 = Release|Win32
	EndGlobalSection
	GlobalSection(SolutionProperties) = preSolution
		HideSolutionNode = FALSE
	EndGlobalSection
	GlobalSection(NestedProjects) = preSolution
		{DFC96D3D-6034-487E-8DD4-1028F832E656} = {460AF05A-1D5F-4589-BE78-8C451C0F41D7}
		{83D69D96-065A-4156-8B75-9DD93BE2CF70} = {BF56989A-381D-4542-8978-9755537C8050}
		{D8A00A09-2606-4546-8AFA-1F0DC64619C2} = {78F3CB15-8904-42B8-A1CF-5A3C644658D4}
		{5F493AA2-2E58-4FB5-98EE-41FD82432725} = {AD503700-0E28-4D5C-A53C-7BE6441EA1A7}
		{9052E81D-FBF3-415B-9461-9FCD7CF59851} = {589D37DC-807E-4D11-972D-20E4C8364B97}
	EndGlobalSection
	GlobalSection(ExtensibilityGlobals) = postSolution
		SolutionGuid = {56AAB3F7-110D-4152-8D0F-AECC5802D6A0}
	EndGlobalSection
EndGlobal
